{
  "R": {
    "Version": "4.5.3",
    "Repositories": [
      {
        "Name": "CRAN",
        "URL": "https://cloud.r-project.org"
      },
      {
        "Name": "BioCsoft",
        "URL": "https://bioconductor.org/packages/3.22/bioc"
      }
    ]
  },
  "Packages": {
    "EBImage": {
      "Package": "EBImage",
      "Version": "4.52.0",
      "Source": "Bioconductor",
      "Repository": "Bioconductor 3.22"
    },
    "data.table": {
      "Package": "data.table",
      "Version": "1.18.2.1",
      "Source": "Repository",
      "Repository": "CRAN"
    },
    "ggplot2": {
      "Package": "ggplot2",
      "Version": "4.0.3",
      "Source": "Repository",
      "Repository": "CRAN"
    },
    "ragg": {
      "Package": "ragg",
      "Version": "1.5.2",
      "Source": "Repository",
      "Repository": "CRAN"
    },
    "svglite": {
      "Package": "svglite",
      "Version": "2.2.2",
      "Source": "Repository",
      "Repository": "CRAN"
    },
    "tiff": {
      "Package": "tiff",
      "Version": "0.1-12",
      "Source": "Repository",
      "Repository": "CRAN"
    }
  }
}
